// !$*UTF8*$!
{
	archiveVersion = 1;
	classes = {
	};
	objectVersion = 46;
	objects = {

/* Begin PBXBuildFile section */
		A6594A031F5E676E00F82324 /* main.m in Sources */ = {isa = PBXBuildFile; fileRef = A6594A021F5E676E00F82324 /* main.m */; };
		A6594A061F5E676E00F82324 /* AppDelegate.m in Sources */ = {isa = PBXBuildFile; fileRef = A6594A051F5E676E00F82324 /* AppDelegate.m */; };
		A6594A091F5E676E00F82324 /* ViewController.m in Sources */ = {isa = PBXBuildFile; fileRef = A6594A081F5E676E00F82324 /* ViewController.m */; };
		A6594A0C1F5E676E00F82324 /* Main.storyboard in Resources */ = {isa = PBXBuildFile; fileRef = A6594A0A1F5E676E00F82324 /* Main.storyboard */; };
		A6594A0E1F5E676E00F82324 /* Assets.xcassets in Resources */ = {isa = PBXBuildFile; fileRef = A6594A0D1F5E676E00F82324 /* Assets.xcassets */; };
		A6594A111F5E676E00F82324 /* LaunchScreen.storyboard in Resources */ = {isa = PBXBuildFile; fileRef = A6594A0F1F5E676E00F82324 /* LaunchScreen.storyboard */; };
		A6594A1B1F5E67BA00F82324 /* BXHKeyBoardManager.m in Sources */ = {isa = PBXBuildFile; fileRef = A6594A1A1F5E67BA00F82324 /* BXHKeyBoardManager.m */; };
		A6594A211F5E7F8100F82324 /* UIResponder+BXHKeyBoardResponder.m in Sources */ = {isa = PBXBuildFile; fileRef = A6594A201F5E7F8100F82324 /* UIResponder+BXHKeyBoardResponder.m */; };
		A6594A271F5E924900F82324 /* BXHInputAccessoryView.m in Sources */ = {isa = PBXBuildFile; fileRef = A6594A261F5E924900F82324 /* BXHInputAccessoryView.m */; };
		A6594A291F5E9A4400F82324 /* BXHKeyBoardBundle.bundle in Resources */ = {isa = PBXBuildFile; fileRef = A6594A281F5E9A4400F82324 /* BXHKeyBoardBundle.bundle */; };
		A6594A2C1F5EA9B200F82324 /* UIScrollView+BXHKeyBoard.m in Sources */ = {isa = PBXBuildFile; fileRef = A6594A2B1F5EA9B200F82324 /* UIScrollView+BXHKeyBoard.m */; };
		A6594A2F1F5EA9CC00F82324 /* UIView+BXHKeyBoard.m in Sources */ = {isa = PBXBuildFile; fileRef = A6594A2E1F5EA9CC00F82324 /* UIView+BXHKeyBoard.m */; };
		A668D26B1F5F8C960064C0E7 /* ViewTextFiledViewController.m in Sources */ = {isa = PBXBuildFile; fileRef = A668D26A1F5F8C960064C0E7 /* ViewTextFiledViewController.m */; };
		A668D26E1F5F8CD60064C0E7 /* ScrollViewTextFiledViewController.m in Sources */ = {isa = PBXBuildFile; fileRef = A668D26D1F5F8CD60064C0E7 /* ScrollViewTextFiledViewController.m */; };
/* End PBXBuildFile section */

/* Begin PBXFileReference section */
		A65949FE1F5E676E00F82324 /* BXHKeyBoardManager.app */ = {isa = PBXFileReference; explicitFileType = wrapper.application; includeInIndex = 0; path = BXHKeyBoardManager.app; sourceTree = BUILT_PRODUCTS_DIR; };
		A6594A021F5E676E00F82324 /* main.m */ = {isa = PBXFileReference; lastKnownFileType = sourcecode.c.objc; path = main.m; sourceTree = "<group>"; };
		A6594A041F5E676E00F82324 /* AppDelegate.h */ = {isa = PBXFileReference; lastKnownFileType = sourcecode.c.h; path = AppDelegate.h; sourceTree = "<group>"; };
		A6594A051F5E676E00F82324 /* AppDelegate.m */ = {isa = PBXFileReference; lastKnownFileType = sourcecode.c.objc; path = AppDelegate.m; sourceTree = "<group>"; };
		A6594A071F5E676E00F82324 /* ViewController.h */ = {isa = PBXFileReference; lastKnownFileType = sourcecode.c.h; path = ViewController.h; sourceTree = "<group>"; };
		A6594A081F5E676E00F82324 /* ViewController.m */ = {isa = PBXFileReference; lastKnownFileType = sourcecode.c.objc; path = ViewController.m; sourceTree = "<group>"; };
		A6594A0B1F5E676E00F82324 /* Base */ = {isa = PBXFileReference; lastKnownFileType = file.storyboard; name = Base; path = Base.lproj/Main.storyboard; sourceTree = "<group>"; };
		A6594A0D1F5E676E00F82324 /* Assets.xcassets */ = {isa = PBXFileReference; lastKnownFileType = folder.assetcatalog; path = Assets.xcassets; sourceTree = "<group>"; };
		A6594A101F5E676E00F82324 /* Base */ = {isa = PBXFileReference; lastKnownFileType = file.storyboard; name = Base; path = Base.lproj/LaunchScreen.storyboard; sourceTree = "<group>"; };
		A6594A121F5E676E00F82324 /* Info.plist */ = {isa = PBXFileReference; lastKnownFileType = text.plist.xml; path = Info.plist; sourceTree = "<group>"; };
		A6594A191F5E67BA00F82324 /* BXHKeyBoardManager.h */ = {isa = PBXFileReference; fileEncoding = 4; lastKnownFileType = sourcecode.c.h; path = BXHKeyBoardManager.h; sourceTree = "<group>"; };
		A6594A1A1F5E67BA00F82324 /* BXHKeyBoardManager.m */ = {isa = PBXFileReference; fileEncoding = 4; lastKnownFileType = sourcecode.c.objc; path = BXHKeyBoardManager.m; sourceTree = "<group>"; };
		A6594A1F1F5E7F8100F82324 /* UIResponder+BXHKeyBoardResponder.h */ = {isa = PBXFileReference; fileEncoding = 4; lastKnownFileType = sourcecode.c.h; path = "UIResponder+BXHKeyBoardResponder.h"; sourceTree = "<group>"; };
		A6594A201F5E7F8100F82324 /* UIResponder+BXHKeyBoardResponder.m */ = {isa = PBXFileReference; fileEncoding = 4; lastKnownFileType = sourcecode.c.objc; path = "UIResponder+BXHKeyBoardResponder.m"; sourceTree = "<group>"; };
		A6594A251F5E924900F82324 /* BXHInputAccessoryView.h */ = {isa = PBXFileReference; fileEncoding = 4; lastKnownFileType = sourcecode.c.h; path = BXHInputAccessoryView.h; sourceTree = "<group>"; };
		A6594A261F5E924900F82324 /* BXHInputAccessoryView.m */ = {isa = PBXFileReference; fileEncoding = 4; lastKnownFileType = sourcecode.c.objc; path = BXHInputAccessoryView.m; sourceTree = "<group>"; };
		A6594A281F5E9A4400F82324 /* BXHKeyBoardBundle.bundle */ = {isa = PBXFileReference; lastKnownFileType = "wrapper.plug-in"; path = BXHKeyBoardBundle.bundle; sourceTree = "<group>"; };
		A6594A2A1F5EA9B200F82324 /* UIScrollView+BXHKeyBoard.h */ = {isa = PBXFileReference; fileEncoding = 4; lastKnownFileType = sourcecode.c.h; path = "UIScrollView+BXHKeyBoard.h"; sourceTree = "<group>"; };
		A6594A2B1F5EA9B200F82324 /* UIScrollView+BXHKeyBoard.m */ = {isa = PBXFileReference; fileEncoding = 4; lastKnownFileType = sourcecode.c.objc; path = "UIScrollView+BXHKeyBoard.m"; sourceTree = "<group>"; };
		A6594A2D1F5EA9CC00F82324 /* UIView+BXHKeyBoard.h */ = {isa = PBXFileReference; fileEncoding = 4; lastKnownFileType = sourcecode.c.h; path = "UIView+BXHKeyBoard.h"; sourceTree = "<group>"; };
		A6594A2E1F5EA9CC00F82324 /* UIView+BXHKeyBoard.m */ = {isa = PBXFileReference; fileEncoding = 4; lastKnownFileType = sourcecode.c.objc; path = "UIView+BXHKeyBoard.m"; sourceTree = "<group>"; };
		A668D2691F5F8C960064C0E7 /* ViewTextFiledViewController.h */ = {isa = PBXFileReference; fileEncoding = 4; lastKnownFileType = sourcecode.c.h; path = ViewTextFiledViewController.h; sourceTree = "<group>"; };
		A668D26A1F5F8C960064C0E7 /* ViewTextFiledViewController.m */ = {isa = PBXFileReference; fileEncoding = 4; lastKnownFileType = sourcecode.c.objc; path = ViewTextFiledViewController.m; sourceTree = "<group>"; };
		A668D26C1F5F8CD60064C0E7 /* ScrollViewTextFiledViewController.h */ = {isa = PBXFileReference; fileEncoding = 4; lastKnownFileType = sourcecode.c.h; path = ScrollViewTextFiledViewController.h; sourceTree = "<group>"; };
		A668D26D1F5F8CD60064C0E7 /* ScrollViewTextFiledViewController.m */ = {isa = PBXFileReference; fileEncoding = 4; lastKnownFileType = sourcecode.c.objc; path = ScrollViewTextFiledViewController.m; sourceTree = "<group>"; };
/* End PBXFileReference section */

/* Begin PBXFrameworksBuildPhase section */
		A65949FB1F5E676E00F82324 /* Frameworks */ = {
			isa = PBXFrameworksBuildPhase;
			buildActionMask = 2147483647;
			files = (
			);
			runOnlyForDeploymentPostprocessing = 0;
		};
/* End PBXFrameworksBuildPhase section */

/* Begin PBXGroup section */
		A65949F51F5E676E00F82324 = {
			isa = PBXGroup;
			children = (
				A6594A001F5E676E00F82324 /* BXHKeyBoardManager */,
				A65949FF1F5E676E00F82324 /* Products */,
			);
			sourceTree = "<group>";
		};
		A65949FF1F5E676E00F82324 /* Products */ = {
			isa = PBXGroup;
			children = (
				A65949FE1F5E676E00F82324 /* BXHKeyBoardManager.app */,
			);
			name = Products;
			sourceTree = "<group>";
		};
		A6594A001F5E676E00F82324 /* BXHKeyBoardManager */ = {
			isa = PBXGroup;
			children = (
				A6594A181F5E678E00F82324 /* BXHKeyBoardManager */,
				A6594A041F5E676E00F82324 /* AppDelegate.h */,
				A6594A051F5E676E00F82324 /* AppDelegate.m */,
				A6594A071F5E676E00F82324 /* ViewController.h */,
				A6594A081F5E676E00F82324 /* ViewController.m */,
				A6594A0A1F5E676E00F82324 /* Main.storyboard */,
				A6594A0D1F5E676E00F82324 /* Assets.xcassets */,
				A6594A0F1F5E676E00F82324 /* LaunchScreen.storyboard */,
				A6594A121F5E676E00F82324 /* Info.plist */,
				A6594A011F5E676E00F82324 /* Supporting Files */,
				A668D2691F5F8C960064C0E7 /* ViewTextFiledViewController.h */,
				A668D26A1F5F8C960064C0E7 /* ViewTextFiledViewController.m */,
				A668D26C1F5F8CD60064C0E7 /* ScrollViewTextFiledViewController.h */,
				A668D26D1F5F8CD60064C0E7 /* ScrollViewTextFiledViewController.m */,
			);
			path = BXHKeyBoardManager;
			sourceTree = "<group>";
		};
		A6594A011F5E676E00F82324 /* Supporting Files */ = {
			isa = PBXGroup;
			children = (
				A6594A021F5E676E00F82324 /* main.m */,
			);
			name = "Supporting Files";
			sourceTree = "<group>";
		};
		A6594A181F5E678E00F82324 /* BXHKeyBoardManager */ = {
			isa = PBXGroup;
			children = (
				A6594A191F5E67BA00F82324 /* BXHKeyBoardManager.h */,
				A6594A1A1F5E67BA00F82324 /* BXHKeyBoardManager.m */,
				A6594A1F1F5E7F8100F82324 /* UIResponder+BXHKeyBoardResponder.h */,
				A6594A201F5E7F8100F82324 /* UIResponder+BXHKeyBoardResponder.m */,
				A6594A251F5E924900F82324 /* BXHInputAccessoryView.h */,
				A6594A261F5E924900F82324 /* BXHInputAccessoryView.m */,
				A6594A281F5E9A4400F82324 /* BXHKeyBoardBundle.bundle */,
				A6594A2A1F5EA9B200F82324 /* UIScrollView+BXHKeyBoard.h */,
				A6594A2B1F5EA9B200F82324 /* UIScrollView+BXHKeyBoard.m */,
				A6594A2D1F5EA9CC00F82324 /* UIView+BXHKeyBoard.h */,
				A6594A2E1F5EA9CC00F82324 /* UIView+BXHKeyBoard.m */,
			);
			path = BXHKeyBoardManager;
			sourceTree = "<group>";
		};
/* End PBXGroup section */

/* Begin PBXNativeTarget section */
		A65949FD1F5E676E00F82324 /* BXHKeyBoardManager */ = {
			isa = PBXNativeTarget;
			buildConfigurationList = A6594A151F5E676E00F82324 /* Build configuration list for PBXNativeTarget "BXHKeyBoardManager" */;
			buildPhases = (
				A65949FA1F5E676E00F82324 /* Sources */,
				A65949FB1F5E676E00F82324 /* Frameworks */,
				A65949FC1F5E676E00F82324 /* Resources */,
			);
			buildRules = (
			);
			dependencies = (
			);
			name = BXHKeyBoardManager;
			productName = BXHKeyBoardManager;
			productReference = A65949FE1F5E676E00F82324 /* BXHKeyBoardManager.app */;
			productType = "com.apple.product-type.application";
		};
/* End PBXNativeTarget section */

/* Begin PBXProject section */
		A65949F61F5E676E00F82324 /* Project object */ = {
			isa = PBXProject;
			attributes = {
				LastUpgradeCheck = 0830;
				ORGANIZATIONNAME = "步晓虎";
				TargetAttributes = {
					A65949FD1F5E676E00F82324 = {
						CreatedOnToolsVersion = 8.3.3;
						ProvisioningStyle = Automatic;
					};
				};
			};
			buildConfigurationList = A65949F91F5E676E00F82324 /* Build configuration list for PBXProject "BXHKeyBoardManager" */;
			compatibilityVersion = "Xcode 3.2";
			developmentRegion = English;
			hasScannedForEncodings = 0;
			knownRegions = (
				en,
				Base,
			);
			mainGroup = A65949F51F5E676E00F82324;
			productRefGroup = A65949FF1F5E676E00F82324 /* Products */;
			projectDirPath = "";
			projectRoot = "";
			targets = (
				A65949FD1F5E676E00F82324 /* BXHKeyBoardManager */,
			);
		};
/* End PBXProject section */

/* Begin PBXResourcesBuildPhase section */
		A65949FC1F5E676E00F82324 /* Resources */ = {
			isa = PBXResourcesBuildPhase;
			buildActionMask = 2147483647;
			files = (
				A6594A111F5E676E00F82324 /* LaunchScreen.storyboard in Resources */,
				A6594A291F5E9A4400F82324 /* BXHKeyBoardBundle.bundle in Resources */,
				A6594A0E1F5E676E00F82324 /* Assets.xcassets in Resources */,
				A6594A0C1F5E676E00F82324 /* Main.storyboard in Resources */,
			);
			runOnlyForDeploymentPostprocessing = 0;
		};
/* End PBXResourcesBuildPhase section */

/* Begin PBXSourcesBuildPhase section */
		A65949FA1F5E676E00F82324 /* Sources */ = {
			isa = PBXSourcesBuildPhase;
			buildActionMask = 2147483647;
			files = (
				A6594A091F5E676E00F82324 /* ViewController.m in Sources */,
				A6594A1B1F5E67BA00F82324 /* BXHKeyBoardManager.m in Sources */,
				A668D26E1F5F8CD60064C0E7 /* ScrollViewTextFiledViewController.m in Sources */,
				A6594A271F5E924900F82324 /* BXHInputAccessoryView.m in Sources */,
				A6594A2C1F5EA9B200F82324 /* UIScrollView+BXHKeyBoard.m in Sources */,
				A6594A061F5E676E00F82324 /* AppDelegate.m in Sources */,
				A6594A211F5E7F8100F82324 /* UIResponder+BXHKeyBoardResponder.m in Sources */,
				A6594A2F1F5EA9CC00F82324 /* UIView+BXHKeyBoard.m in Sources */,
				A668D26B1F5F8C960064C0E7 /* ViewTextFiledViewController.m in Sources */,
				A6594A031F5E676E00F82324 /* main.m in Sources */,
			);
			runOnlyForDeploymentPostprocessing = 0;
		};
/* End PBXSourcesBuildPhase section */

/* Begin PBXVariantGroup section */
		A6594A0A1F5E676E00F82324 /* Main.storyboard */ = {
			isa = PBXVariantGroup;
			children = (
				A6594A0B1F5E676E00F82324 /* Base */,
			);
			name = Main.storyboard;
			sourceTree = "<group>";
		};
		A6594A0F1F5E676E00F82324 /* LaunchScreen.storyboard */ = {
			isa = PBXVariantGroup;
			children = (
				A6594A101F5E676E00F82324 /* Base */,
			);
			name = LaunchScreen.storyboard;
			sourceTree = "<group>";
		};
/* End PBXVariantGroup section */

/* Begin XCBuildConfiguration section */
		A6594A131F5E676E00F82324 /* Debug */ = {
			isa = XCBuildConfiguration;
			buildSettings = {
				ALWAYS_SEARCH_USER_PATHS = NO;
				CLANG_ANALYZER_NONNULL = YES;
				CLANG_ANALYZER_NUMBER_OBJECT_CONVERSION = YES_AGGRESSIVE;
				CLANG_CXX_LANGUAGE_STANDARD = "gnu++0x";
				CLANG_CXX_LIBRARY = "libc++";
				CLANG_ENABLE_MODULES = YES;
				CLANG_ENABLE_OBJC_ARC = YES;
				CLANG_WARN_BOOL_CONVERSION = YES;
				CLANG_WARN_CONSTANT_CONVERSION = YES;
				CLANG_WARN_DIRECT_OBJC_ISA_USAGE = YES_ERROR;
				CLANG_WARN_DOCUMENTATION_COMMENTS = YES;
				CLANG_WARN_EMPTY_BODY = YES;
				CLANG_WARN_ENUM_CONVERSION = YES;
				CLANG_WARN_INFINITE_RECURSION = YES;
				CLANG_WARN_INT_CONVERSION = YES;
				CLANG_WARN_OBJC_ROOT_CLASS = YES_ERROR;
				CLANG_WARN_SUSPICIOUS_MOVE = YES;
				CLANG_WARN_UNREACHABLE_CODE = YES;
				CLANG_WARN__DUPLICATE_METHOD_MATCH = YES;
				"CODE_SIGN_IDENTITY[sdk=iphoneos*]" = "iPhone Developer";
				COPY_PHASE_STRIP = NO;
				DEBUG_INFORMATION_FORMAT = dwarf;
				ENABLE_STRICT_OBJC_MSGSEND = YES;
				ENABLE_TESTABILITY = YES;
				GCC_C_LANGUAGE_STANDARD = gnu99;
				GCC_DYNAMIC_NO_PIC = NO;
				GCC_NO_COMMON_BLOCKS = YES;
				GCC_OPTIMIZATION_LEVEL = 0;
				GCC_PREPROCESSOR_DEFINITIONS = (
					"DEBUG=1",
					"$(inherited)",
				);
				GCC_WARN_64_TO_32_BIT_CONVERSION = YES;
				GCC_WARN_ABOUT_RETURN_TYPE = YES_ERROR;
				GCC_WARN_UNDECLARED_SELECTOR = YES;
				GCC_WARN_UNINITIALIZED_AUTOS = YES_AGGRESSIVE;
				GCC_WARN_UNUSED_FUNCTION = YES;
				GCC_WARN_UNUSED_VARIABLE = YES;
				IPHONEOS_DEPLOYMENT_TARGET = 10.3;
				MTL_ENABLE_DEBUG_INFO = YES;
				ONLY_ACTIVE_ARCH = YES;
				SDKROOT = iphoneos;
			};
			name = Debug;
		};
		A6594A141F5E676E00F82324 /* Release */ = {
			isa = XCBuildConfiguration;
			buildSettings = {
				ALWAYS_SEARCH_USER_PATHS = NO;
				CLANG_ANALYZER_NONNULL = YES;
				CLANG_ANALYZER_NUMBER_OBJECT_CONVERSION = YES_AGGRESSIVE;
				CLANG_CXX_LANGUAGE_STANDARD = "gnu++0x";
				CLANG_CXX_LIBRARY = "libc++";
				CLANG_ENABLE_MODULES = YES;
				CLANG_ENABLE_OBJC_ARC = YES;
				CLANG_WARN_BOOL_CONVERSION = YES;
				CLANG_WARN_CONSTANT_CONVERSION = YES;
				CLANG_WARN_DIRECT_OBJC_ISA_USAGE = YES_ERROR;
				CLANG_WARN_DOCUMENTATION_COMMENTS = YES;
				CLANG_WARN_EMPTY_BODY = YES;
				CLANG_WARN_ENUM_CONVERSION = YES;
				CLANG_WARN_INFINITE_RECURSION = YES;
				CLANG_WARN_INT_CONVERSION = YES;
				CLANG_WARN_OBJC_ROOT_CLASS = YES_ERROR;
				CLANG_WARN_SUSPICIOUS_MOVE = YES;
				CLANG_WARN_UNREACHABLE_CODE = YES;
				CLANG_WARN__DUPLICATE_METHOD_MATCH = YES;
				"CODE_SIGN_IDENTITY[sdk=iphoneos*]" = "iPhone Developer";
				COPY_PHASE_STRIP = NO;
				DEBUG_INFORMATION_FORMAT = "dwarf-with-dsym";
				ENABLE_NS_ASSERTIONS = NO;
				ENABLE_STRICT_OBJC_MSGSEND = YES;
				GCC_C_LANGUAGE_STANDARD = gnu99;
				GCC_NO_COMMON_BLOCKS = YES;
				GCC_WARN_64_TO_32_BIT_CONVERSION = YES;
				GCC_WARN_ABOUT_RETURN_TYPE = YES_ERROR;
				GCC_WARN_UNDECLARED_SELECTOR = YES;
				GCC_WARN_UNINITIALIZED_AUTOS = YES_AGGRESSIVE;
				GCC_WARN_UNUSED_FUNCTION = YES;
				GCC_WARN_UNUSED_VARIABLE = YES;
				IPHONEOS_DEPLOYMENT_TARGET = 10.3;
				MTL_ENABLE_DEBUG_INFO = NO;
				SDKROOT = iphoneos;
				VALIDATE_PRODUCT = YES;
			};
			name = Release;
		};
		A6594A161F5E676E00F82324 /* Debug */ = {
			isa = XCBuildConfiguration;
			buildSettings = {
				ASSETCATALOG_COMPILER_APPICON_NAME = AppIcon;
				INFOPLIST_FILE = BXHKeyBoardManager/Info.plist;
				LD_RUNPATH_SEARCH_PATHS = "$(inherited) @executable_path/Frameworks";
				PRODUCT_BUNDLE_IDENTIFIER = Com.SZY.live.BXHKeyBoardManager;
				PRODUCT_NAME = "$(TARGET_NAME)";
			};
			name = Debug;
		};
		A6594A171F5E676E00F82324 /* Release */ = {
			isa = XCBuildConfiguration;
			buildSettings = {
				ASSETCATALOG_COMPILER_APPICON_NAME = AppIcon;
				INFOPLIST_FILE = BXHKeyBoardManager/Info.plist;
				LD_RUNPATH_SEARCH_PATHS = "$(inherited) @executable_path/Frameworks";
				PRODUCT_BUNDLE_IDENTIFIER = Com.SZY.live.BXHKeyBoardManager;
				PRODUCT_NAME = "$(TARGET_NAME)";
			};
			name = Release;
		};
/* End XCBuildConfiguration section */

/* Begin XCConfigurationList section */
		A65949F91F5E676E00F82324 /* Build configuration list for PBXProject "BXHKeyBoardManager" */ = {
			isa = XCConfigurationList;
			buildConfigurations = (
				A6594A131F5E676E00F82324 /* Debug */,
				A6594A141F5E676E00F82324 /* Release */,
			);
			defaultConfigurationIsVisible = 0;
			defaultConfigurationName = Release;
		};
		A6594A151F5E676E00F82324 /* Build configuration list for PBXNativeTarget "BXHKeyBoardManager" */ = {
			isa = XCConfigurationList;
			buildConfigurations = (
				A6594A161F5E676E00F82324 /* Debug */,
				A6594A171F5E676E00F82324 /* Release */,
			);
			defaultConfigurationIsVisible = 0;
			defaultConfigurationName = Release;
		};
/* End XCConfigurationList section */
	};
	rootObject = A65949F61F5E676E00F82324 /* Project object */;
}
